{
  "name": "blocket.js",
  "version": "1.0.0",
  "lockfileVersion": 3,
  "requires": true,
  "packages": {
    "": {
      "name": "blocket.js",
      "version": "1.0.0",
      "license": "MIT",
      "dependencies": {
        "ofetch": "^1.4.1"
      },
      "devDependencies": {
        "typescript": "^5.7.3"
      }
    },
    "node_modules/destr": {
      "version": "2.0.3",
      "resolved": "https://registry.npmjs.org/destr/-/destr-2.0.3.tgz",
      "integrity": "sha512-2N3BOUU4gYMpTP24s5rF5iP7BDr7uNTCs4ozw3kf/eKfvWSIu93GEBi5m427YoyJoeOzQ5smuu4nNAPGb8idSQ==",
      "license": "MIT"
    },
    "node_modules/node-fetch-native": {
      "version": "1.6.6",
      "resolved": "https://registry.npmjs.org/node-fetch-native/-/node-fetch-native-1.6.6.tgz",
      "integrity": "sha512-8Mc2HhqPdlIfedsuZoc3yioPuzp6b+L5jRCRY1QzuWZh2EGJVQrGppC6V6cF0bLdbW0+O2YpqCA25aF/1lvipQ==",
      "license": "MIT"
    },
    "node_modules/ofetch": {
      "version": "1.4.1",
      "resolved": "https://registry.npmjs.org/ofetch/-/ofetch-1.4.1.tgz",
      "integrity": "sha512-QZj2DfGplQAr2oj9KzceK9Hwz6Whxazmn85yYeVuS3u9XTMOGMRx0kO95MQ+vLsj/S/NwBDMMLU5hpxvI6Tklw==",
      "license": "MIT",
      "dependencies": {
        "destr": "^2.0.3",
        "node-fetch-native": "^1.6.4",
        "ufo": "^1.5.4"
      }
    },
    "node_modules/typescript": {
      "version": "5.7.3",
      "resolved": "https://registry.npmjs.org/typescript/-/typescript-5.7.3.tgz",
      "integrity": "sha512-84MVSjMEHP+FQRPy3pX9sTVV/INIex71s9TL2Gm5FG/WG1SqXeKyZ0k7/blY/4FdOzI12CBy1vGc4og/eus0fw==",
      "dev": true,
      "license": "Apache-2.0",
      "bin": {
        "tsc": "bin/tsc",
        "tsserver": "bin/tsserver"
      },
      "engines": {
        "node": ">=14.17"
      }
    },
    "node_modules/ufo": {
      "version": "1.5.4",
      "resolved": "https://registry.npmjs.org/ufo/-/ufo-1.5.4.tgz",
      "integrity": "sha512-UsUk3byDzKd04EyoZ7U4DOlxQaD14JUKQl6/P7wiX4FNvUfm3XL246n9W5AmqwW5RSFJ27NAuM0iLscAOYUiGQ==",
      "license": "MIT"
    }
  }
}
